{
  "object": {
    "pins": [
      {
        "package": "KIF",
        "repositoryURL": "https://github.com/openium/KIF",
        "state": {
          "branch": "master",
          "revision": "54442fd861b4b5b346177ab932b1e078f3e97618",
          "version": null
        }
      },
      {
        "package": "OHHTTPStubs",
        "repositoryURL": "https://github.com/AliSoftware/OHHTTPStubs",
        "state": {
          "branch": null,
          "revision": "e92b5a5746ef16add2a1424f1fc19529d9a75cde",
          "version": "9.0.0"
        }
      }
    ]
  },
  "version": 1
}
